
Microsoft Visual Studio Solution File, Format Version 12.00
# Visual Studio 15
VisualStudioVersion = 15.0.27428.2015
MinimumVisualStudioVersion = 10.0.40219.1
Project("{FAE04EC0-301F-11D3-BF4B-00C04F79EFBC}") = "OpenAPI", "OpenAPI\OpenAPI.csproj", "{10355C5F-FEE7-4151-AFB0-C633DC3A5EEA}"
EndProject
Project("{FAE04EC0-301F-11D3-BF4B-00C04F79EFBC}") = "OpenAPI.TestPlugin", "OpenAPI.TestPlugin\OpenAPI.TestPlugin.csproj", "{06BAC828-D1A2-4A05-89EB-2B8B534BE2A4}"
EndProject
Project("{FAE04EC0-301F-11D3-BF4B-00C04F79EFBC}") = "MiNET.Server", "MiNET.Server\MiNET.Server.csproj", "{C6099C92-1941-4C96-937D-77C206CC67E1}"
	ProjectSection(ProjectDependencies) = postProject
		{06BAC828-D1A2-4A05-89EB-2B8B534BE2A4} = {06BAC828-D1A2-4A05-89EB-2B8B534BE2A4}
		{F4A706DF-7CC3-412A-AAA3-B97956DAD32E} = {F4A706DF-7CC3-412A-AAA3-B97956DAD32E}
	EndProjectSection
EndProject
Project("{FAE04EC0-301F-11D3-BF4B-00C04F79EFBC}") = "OpenAPI.Locale", "OpenAPI.Locale\OpenAPI.Locale.csproj", "{F4A706DF-7CC3-412A-AAA3-B97956DAD32E}"
EndProject
Global
	GlobalSection(SolutionConfigurationPlatforms) = preSolution
		Debug|Any CPU = Debug|Any CPU
		Debug|x64 = Debug|x64
		Release|Any CPU = Release|Any CPU
		Release|x64 = Release|x64
	EndGlobalSection
	GlobalSection(ProjectConfigurationPlatforms) = postSolution
		{10355C5F-FEE7-4151-AFB0-C633DC3A5EEA}.Debug|Any CPU.ActiveCfg = Debug|Any CPU
		{10355C5F-FEE7-4151-AFB0-C633DC3A5EEA}.Debug|Any CPU.Build.0 = Debug|Any CPU
		{10355C5F-FEE7-4151-AFB0-C633DC3A5EEA}.Debug|x64.ActiveCfg = Debug|x64
		{10355C5F-FEE7-4151-AFB0-C633DC3A5EEA}.Debug|x64.Build.0 = Debug|x64
		{10355C5F-FEE7-4151-AFB0-C633DC3A5EEA}.Release|Any CPU.ActiveCfg = Release|Any CPU
		{10355C5F-FEE7-4151-AFB0-C633DC3A5EEA}.Release|Any CPU.Build.0 = Release|Any CPU
		{10355C5F-FEE7-4151-AFB0-C633DC3A5EEA}.Release|x64.ActiveCfg = Release|x64
		{10355C5F-FEE7-4151-AFB0-C633DC3A5EEA}.Release|x64.Build.0 = Release|x64
		{06BAC828-D1A2-4A05-89EB-2B8B534BE2A4}.Debug|Any CPU.ActiveCfg = Debug|Any CPU
		{06BAC828-D1A2-4A05-89EB-2B8B534BE2A4}.Debug|Any CPU.Build.0 = Debug|Any CPU
		{06BAC828-D1A2-4A05-89EB-2B8B534BE2A4}.Debug|x64.ActiveCfg = Debug|Any CPU
		{06BAC828-D1A2-4A05-89EB-2B8B534BE2A4}.Debug|x64.Build.0 = Debug|Any CPU
		{06BAC828-D1A2-4A05-89EB-2B8B534BE2A4}.Release|Any CPU.ActiveCfg = Release|Any CPU
		{06BAC828-D1A2-4A05-89EB-2B8B534BE2A4}.Release|Any CPU.Build.0 = Release|Any CPU
		{06BAC828-D1A2-4A05-89EB-2B8B534BE2A4}.Release|x64.ActiveCfg = Release|Any CPU
		{06BAC828-D1A2-4A05-89EB-2B8B534BE2A4}.Release|x64.Build.0 = Release|Any CPU
		{C6099C92-1941-4C96-937D-77C206CC67E1}.Debug|Any CPU.ActiveCfg = Debug|Any CPU
		{C6099C92-1941-4C96-937D-77C206CC67E1}.Debug|Any CPU.Build.0 = Debug|Any CPU
		{C6099C92-1941-4C96-937D-77C206CC67E1}.Debug|x64.ActiveCfg = Debug|Any CPU
		{C6099C92-1941-4C96-937D-77C206CC67E1}.Debug|x64.Build.0 = Debug|Any CPU
		{C6099C92-1941-4C96-937D-77C206CC67E1}.Release|Any CPU.ActiveCfg = Release|Any CPU
		{C6099C92-1941-4C96-937D-77C206CC67E1}.Release|Any CPU.Build.0 = Release|Any CPU
		{C6099C92-1941-4C96-937D-77C206CC67E1}.Release|x64.ActiveCfg = Release|Any CPU
		{C6099C92-1941-4C96-937D-77C206CC67E1}.Release|x64.Build.0 = Release|Any CPU
		{F4A706DF-7CC3-412A-AAA3-B97956DAD32E}.Debug|Any CPU.ActiveCfg = Debug|Any CPU
		{F4A706DF-7CC3-412A-AAA3-B97956DAD32E}.Debug|Any CPU.Build.0 = Debug|Any CPU
		{F4A706DF-7CC3-412A-AAA3-B97956DAD32E}.Debug|x64.ActiveCfg = Debug|x64
		{F4A706DF-7CC3-412A-AAA3-B97956DAD32E}.Debug|x64.Build.0 = Debug|x64
		{F4A706DF-7CC3-412A-AAA3-B97956DAD32E}.Release|Any CPU.ActiveCfg = Release|Any CPU
		{F4A706DF-7CC3-412A-AAA3-B97956DAD32E}.Release|Any CPU.Build.0 = Release|Any CPU
		{F4A706DF-7CC3-412A-AAA3-B97956DAD32E}.Release|x64.ActiveCfg = Release|x64
		{F4A706DF-7CC3-412A-AAA3-B97956DAD32E}.Release|x64.Build.0 = Release|x64
	EndGlobalSection
	GlobalSection(SolutionProperties) = preSolution
		HideSolutionNode = FALSE
	EndGlobalSection
	GlobalSection(ExtensibilityGlobals) = postSolution
		SolutionGuid = {54A4A95E-F81B-40F9-A529-8E3A0D74B2D8}
	EndGlobalSection
EndGlobal
