
Microsoft Visual Studio Solution File, Format Version 12.00
# Visual Studio 15
VisualStudioVersion = 15.0.27428.2015
MinimumVisualStudioVersion = 10.0.40219.1
Project("{9A19103F-16F7-4668-BE54-9A1E7A4F7556}") = "OpenAPI", "OpenAPI\OpenAPI.csproj", "{DCD29428-21D4-4569-8AA1-CB77536748F5}"
EndProject
Project("{9A19103F-16F7-4668-BE54-9A1E7A4F7556}") = "OpenAPI.Server", "OpenAPI.Server\OpenAPI.Server.csproj", "{4063A791-CD5E-411B-BA5B-C0518765F439}"
EndProject
Project("{9A19103F-16F7-4668-BE54-9A1E7A4F7556}") = "OpenAPI.Locale", "OpenAPI.Locale\OpenAPI.Locale.csproj", "{56ADAC69-779A-4766-B4F5-73BEA575D662}"
EndProject
Project("{9A19103F-16F7-4668-BE54-9A1E7A4F7556}") = "OpenAPI.TestPlugin", "OpenAPI.TestPlugin\OpenAPI.TestPlugin.csproj", "{BE7D1CA1-25A1-4E1E-B110-ECDD89E70A71}"
EndProject
Project("{9A19103F-16F7-4668-BE54-9A1E7A4F7556}") = "CrossReferencing", "examples\CrossReferencing\CrossReferencing.csproj", "{F604AF39-7B7C-4BB2-BE3A-EBD4A96203A6}"
EndProject
Project("{2150E333-8FDC-42A3-9474-1A3956D46DE8}") = "Examples", "Examples", "{EAC9ECCB-CF1C-468F-9CC3-EDF7CEED8993}"
EndProject
Project("{9A19103F-16F7-4668-BE54-9A1E7A4F7556}") = "ChatFilter", "examples\ChatFilter\ChatFilter.csproj", "{D3E7049D-6767-401C-B9E5-827465471E24}"
EndProject
Project("{FAE04EC0-301F-11D3-BF4B-00C04F79EFBC}") = "Portalss", "examples\Portalss\Portalss.csproj", "{A31AA728-3AFF-4F1E-AB26-A80EF0D4731F}"
EndProject
Project("{FAE04EC0-301F-11D3-BF4B-00C04F79EFBC}") = "OpenAPI.WorldGenerator", "examples\OpenAPI.WorldGenerator\OpenAPI.WorldGenerator.csproj", "{A707D9C8-850F-450D-911C-39144FD30844}"
EndProject
Project("{FAE04EC0-301F-11D3-BF4B-00C04F79EFBC}") = "WorldGenerator.Tweaking", "examples\WorldGenerator.Tweaking\WorldGenerator.Tweaking.csproj", "{F19B312E-CC6C-41C9-AFB7-32E6565E413F}"
EndProject
Project("{2150E333-8FDC-42A3-9474-1A3956D46DE8}") = "Management", "Management", "{03A1AF82-2522-408D-ACE5-368516F3C761}"
EndProject
Project("{FAE04EC0-301F-11D3-BF4B-00C04F79EFBC}") = "OpenAPI.Admin", "Management\OpenAPI.Admin\OpenAPI.Admin.csproj", "{F4BD0181-042C-465E-995D-6A872DDE91E5}"
EndProject
Project("{FAE04EC0-301F-11D3-BF4B-00C04F79EFBC}") = "OpenAPI.ManagementApi", "Management\OpenAPI.ManagementApi\OpenAPI.ManagementApi.csproj", "{015C04DE-CA30-4F32-9A3B-FC36A872D02B}"
EndProject
Global
	GlobalSection(SolutionConfigurationPlatforms) = preSolution
		Debug|Any CPU = Debug|Any CPU
		Debug|x64 = Debug|x64
		Release|Any CPU = Release|Any CPU
		Release|x64 = Release|x64
		AppVeyor|Any CPU = AppVeyor|Any CPU
	EndGlobalSection
	GlobalSection(ProjectConfigurationPlatforms) = postSolution
		{DCD29428-21D4-4569-8AA1-CB77536748F5}.Debug|Any CPU.ActiveCfg = Debug|Any CPU
		{DCD29428-21D4-4569-8AA1-CB77536748F5}.Debug|Any CPU.Build.0 = Debug|Any CPU
		{DCD29428-21D4-4569-8AA1-CB77536748F5}.Debug|x64.ActiveCfg = Debug|Any CPU
		{DCD29428-21D4-4569-8AA1-CB77536748F5}.Debug|x64.Build.0 = Debug|Any CPU
		{DCD29428-21D4-4569-8AA1-CB77536748F5}.Release|Any CPU.ActiveCfg = Release|Any CPU
		{DCD29428-21D4-4569-8AA1-CB77536748F5}.Release|Any CPU.Build.0 = Release|Any CPU
		{DCD29428-21D4-4569-8AA1-CB77536748F5}.Release|x64.ActiveCfg = Release|Any CPU
		{DCD29428-21D4-4569-8AA1-CB77536748F5}.Release|x64.Build.0 = Release|Any CPU
		{DCD29428-21D4-4569-8AA1-CB77536748F5}.AppVeyor|Any CPU.ActiveCfg = AppVeyor|Any CPU
		{DCD29428-21D4-4569-8AA1-CB77536748F5}.AppVeyor|Any CPU.Build.0 = AppVeyor|Any CPU
		{DCD29428-21D4-4569-8AA1-CB77536748F5}.AppVeyor|Any CPU.Deploy.0 = AppVeyor|Any CPU
		{4063A791-CD5E-411B-BA5B-C0518765F439}.Debug|Any CPU.ActiveCfg = Debug|Any CPU
		{4063A791-CD5E-411B-BA5B-C0518765F439}.Debug|Any CPU.Build.0 = Debug|Any CPU
		{4063A791-CD5E-411B-BA5B-C0518765F439}.Debug|x64.ActiveCfg = Debug|Any CPU
		{4063A791-CD5E-411B-BA5B-C0518765F439}.Debug|x64.Build.0 = Debug|Any CPU
		{4063A791-CD5E-411B-BA5B-C0518765F439}.Release|Any CPU.ActiveCfg = Release|Any CPU
		{4063A791-CD5E-411B-BA5B-C0518765F439}.Release|Any CPU.Build.0 = Release|Any CPU
		{4063A791-CD5E-411B-BA5B-C0518765F439}.Release|x64.ActiveCfg = Release|Any CPU
		{4063A791-CD5E-411B-BA5B-C0518765F439}.Release|x64.Build.0 = Release|Any CPU
		{4063A791-CD5E-411B-BA5B-C0518765F439}.AppVeyor|Any CPU.ActiveCfg = AppVeyor|Any CPU
		{56ADAC69-779A-4766-B4F5-73BEA575D662}.Debug|Any CPU.ActiveCfg = Debug|Any CPU
		{56ADAC69-779A-4766-B4F5-73BEA575D662}.Debug|Any CPU.Build.0 = Debug|Any CPU
		{56ADAC69-779A-4766-B4F5-73BEA575D662}.Debug|x64.ActiveCfg = Debug|Any CPU
		{56ADAC69-779A-4766-B4F5-73BEA575D662}.Debug|x64.Build.0 = Debug|Any CPU
		{56ADAC69-779A-4766-B4F5-73BEA575D662}.Release|Any CPU.ActiveCfg = Release|Any CPU
		{56ADAC69-779A-4766-B4F5-73BEA575D662}.Release|Any CPU.Build.0 = Release|Any CPU
		{56ADAC69-779A-4766-B4F5-73BEA575D662}.Release|x64.ActiveCfg = Release|Any CPU
		{56ADAC69-779A-4766-B4F5-73BEA575D662}.Release|x64.Build.0 = Release|Any CPU
		{56ADAC69-779A-4766-B4F5-73BEA575D662}.AppVeyor|Any CPU.ActiveCfg = AppVeyor|Any CPU
		{56ADAC69-779A-4766-B4F5-73BEA575D662}.AppVeyor|Any CPU.Build.0 = AppVeyor|Any CPU
		{56ADAC69-779A-4766-B4F5-73BEA575D662}.AppVeyor|Any CPU.Deploy.0 = AppVeyor|Any CPU
		{BE7D1CA1-25A1-4E1E-B110-ECDD89E70A71}.Debug|Any CPU.ActiveCfg = Debug|Any CPU
		{BE7D1CA1-25A1-4E1E-B110-ECDD89E70A71}.Debug|Any CPU.Build.0 = Debug|Any CPU
		{BE7D1CA1-25A1-4E1E-B110-ECDD89E70A71}.Debug|x64.ActiveCfg = Debug|Any CPU
		{BE7D1CA1-25A1-4E1E-B110-ECDD89E70A71}.Debug|x64.Build.0 = Debug|Any CPU
		{BE7D1CA1-25A1-4E1E-B110-ECDD89E70A71}.Release|Any CPU.ActiveCfg = Release|Any CPU
		{BE7D1CA1-25A1-4E1E-B110-ECDD89E70A71}.Release|x64.ActiveCfg = Release|Any CPU
		{BE7D1CA1-25A1-4E1E-B110-ECDD89E70A71}.Release|x64.Build.0 = Release|Any CPU
		{BE7D1CA1-25A1-4E1E-B110-ECDD89E70A71}.AppVeyor|Any CPU.ActiveCfg = AppVeyor|Any CPU
		{F604AF39-7B7C-4BB2-BE3A-EBD4A96203A6}.Debug|Any CPU.ActiveCfg = Debug|Any CPU
		{F604AF39-7B7C-4BB2-BE3A-EBD4A96203A6}.Debug|Any CPU.Build.0 = Debug|Any CPU
		{F604AF39-7B7C-4BB2-BE3A-EBD4A96203A6}.Debug|x64.ActiveCfg = Debug|Any CPU
		{F604AF39-7B7C-4BB2-BE3A-EBD4A96203A6}.Debug|x64.Build.0 = Debug|Any CPU
		{F604AF39-7B7C-4BB2-BE3A-EBD4A96203A6}.Release|Any CPU.ActiveCfg = Release|Any CPU
		{F604AF39-7B7C-4BB2-BE3A-EBD4A96203A6}.Release|x64.ActiveCfg = Release|Any CPU
		{F604AF39-7B7C-4BB2-BE3A-EBD4A96203A6}.Release|x64.Build.0 = Release|Any CPU
		{F604AF39-7B7C-4BB2-BE3A-EBD4A96203A6}.AppVeyor|Any CPU.ActiveCfg = AppVeyor|Any CPU
		{D3E7049D-6767-401C-B9E5-827465471E24}.Debug|Any CPU.ActiveCfg = Debug|Any CPU
		{D3E7049D-6767-401C-B9E5-827465471E24}.Debug|Any CPU.Build.0 = Debug|Any CPU
		{D3E7049D-6767-401C-B9E5-827465471E24}.Debug|x64.ActiveCfg = Debug|Any CPU
		{D3E7049D-6767-401C-B9E5-827465471E24}.Debug|x64.Build.0 = Debug|Any CPU
		{D3E7049D-6767-401C-B9E5-827465471E24}.Release|Any CPU.ActiveCfg = Release|Any CPU
		{D3E7049D-6767-401C-B9E5-827465471E24}.Release|x64.ActiveCfg = Release|Any CPU
		{D3E7049D-6767-401C-B9E5-827465471E24}.Release|x64.Build.0 = Release|Any CPU
		{D3E7049D-6767-401C-B9E5-827465471E24}.AppVeyor|Any CPU.ActiveCfg = AppVeyor|Any CPU
		{A31AA728-3AFF-4F1E-AB26-A80EF0D4731F}.Debug|Any CPU.ActiveCfg = Debug|Any CPU
		{A31AA728-3AFF-4F1E-AB26-A80EF0D4731F}.Debug|Any CPU.Build.0 = Debug|Any CPU
		{A31AA728-3AFF-4F1E-AB26-A80EF0D4731F}.Debug|x64.ActiveCfg = Debug|Any CPU
		{A31AA728-3AFF-4F1E-AB26-A80EF0D4731F}.Debug|x64.Build.0 = Debug|Any CPU
		{A31AA728-3AFF-4F1E-AB26-A80EF0D4731F}.Release|Any CPU.ActiveCfg = Release|Any CPU
		{A31AA728-3AFF-4F1E-AB26-A80EF0D4731F}.Release|x64.ActiveCfg = Release|Any CPU
		{A31AA728-3AFF-4F1E-AB26-A80EF0D4731F}.Release|x64.Build.0 = Release|Any CPU
		{A31AA728-3AFF-4F1E-AB26-A80EF0D4731F}.AppVeyor|Any CPU.ActiveCfg = AppVeyor|Any CPU
		{A707D9C8-850F-450D-911C-39144FD30844}.Debug|Any CPU.ActiveCfg = Debug|Any CPU
		{A707D9C8-850F-450D-911C-39144FD30844}.Debug|Any CPU.Build.0 = Debug|Any CPU
		{A707D9C8-850F-450D-911C-39144FD30844}.Debug|x64.ActiveCfg = Debug|Any CPU
		{A707D9C8-850F-450D-911C-39144FD30844}.Debug|x64.Build.0 = Debug|Any CPU
		{A707D9C8-850F-450D-911C-39144FD30844}.Release|Any CPU.ActiveCfg = Release|Any CPU
		{A707D9C8-850F-450D-911C-39144FD30844}.Release|Any CPU.Build.0 = Release|Any CPU
		{A707D9C8-850F-450D-911C-39144FD30844}.Release|x64.ActiveCfg = Release|Any CPU
		{A707D9C8-850F-450D-911C-39144FD30844}.Release|x64.Build.0 = Release|Any CPU
		{A707D9C8-850F-450D-911C-39144FD30844}.AppVeyor|Any CPU.ActiveCfg = Debug|Any CPU
		{A707D9C8-850F-450D-911C-39144FD30844}.AppVeyor|Any CPU.Build.0 = Debug|Any CPU
		{F19B312E-CC6C-41C9-AFB7-32E6565E413F}.Debug|Any CPU.ActiveCfg = Debug|Any CPU
		{F19B312E-CC6C-41C9-AFB7-32E6565E413F}.Debug|Any CPU.Build.0 = Debug|Any CPU
		{F19B312E-CC6C-41C9-AFB7-32E6565E413F}.Debug|x64.ActiveCfg = Debug|Any CPU
		{F19B312E-CC6C-41C9-AFB7-32E6565E413F}.Debug|x64.Build.0 = Debug|Any CPU
		{F19B312E-CC6C-41C9-AFB7-32E6565E413F}.Release|Any CPU.ActiveCfg = Release|Any CPU
		{F19B312E-CC6C-41C9-AFB7-32E6565E413F}.Release|Any CPU.Build.0 = Release|Any CPU
		{F19B312E-CC6C-41C9-AFB7-32E6565E413F}.Release|x64.ActiveCfg = Release|Any CPU
		{F19B312E-CC6C-41C9-AFB7-32E6565E413F}.Release|x64.Build.0 = Release|Any CPU
		{F19B312E-CC6C-41C9-AFB7-32E6565E413F}.AppVeyor|Any CPU.ActiveCfg = Debug|Any CPU
		{F19B312E-CC6C-41C9-AFB7-32E6565E413F}.AppVeyor|Any CPU.Build.0 = Debug|Any CPU
		{F4BD0181-042C-465E-995D-6A872DDE91E5}.Debug|Any CPU.ActiveCfg = Debug|Any CPU
		{F4BD0181-042C-465E-995D-6A872DDE91E5}.Debug|Any CPU.Build.0 = Debug|Any CPU
		{F4BD0181-042C-465E-995D-6A872DDE91E5}.Debug|x64.ActiveCfg = Debug|Any CPU
		{F4BD0181-042C-465E-995D-6A872DDE91E5}.Debug|x64.Build.0 = Debug|Any CPU
		{F4BD0181-042C-465E-995D-6A872DDE91E5}.Release|Any CPU.ActiveCfg = Release|Any CPU
		{F4BD0181-042C-465E-995D-6A872DDE91E5}.Release|Any CPU.Build.0 = Release|Any CPU
		{F4BD0181-042C-465E-995D-6A872DDE91E5}.Release|x64.ActiveCfg = Release|Any CPU
		{F4BD0181-042C-465E-995D-6A872DDE91E5}.Release|x64.Build.0 = Release|Any CPU
		{F4BD0181-042C-465E-995D-6A872DDE91E5}.AppVeyor|Any CPU.ActiveCfg = Debug|Any CPU
		{F4BD0181-042C-465E-995D-6A872DDE91E5}.AppVeyor|Any CPU.Build.0 = Debug|Any CPU
		{015C04DE-CA30-4F32-9A3B-FC36A872D02B}.Debug|Any CPU.ActiveCfg = Debug|Any CPU
		{015C04DE-CA30-4F32-9A3B-FC36A872D02B}.Debug|Any CPU.Build.0 = Debug|Any CPU
		{015C04DE-CA30-4F32-9A3B-FC36A872D02B}.Debug|x64.ActiveCfg = Debug|Any CPU
		{015C04DE-CA30-4F32-9A3B-FC36A872D02B}.Debug|x64.Build.0 = Debug|Any CPU
		{015C04DE-CA30-4F32-9A3B-FC36A872D02B}.Release|Any CPU.ActiveCfg = Release|Any CPU
		{015C04DE-CA30-4F32-9A3B-FC36A872D02B}.Release|Any CPU.Build.0 = Release|Any CPU
		{015C04DE-CA30-4F32-9A3B-FC36A872D02B}.Release|x64.ActiveCfg = Release|Any CPU
		{015C04DE-CA30-4F32-9A3B-FC36A872D02B}.Release|x64.Build.0 = Release|Any CPU
		{015C04DE-CA30-4F32-9A3B-FC36A872D02B}.AppVeyor|Any CPU.ActiveCfg = Debug|Any CPU
		{015C04DE-CA30-4F32-9A3B-FC36A872D02B}.AppVeyor|Any CPU.Build.0 = Debug|Any CPU
	EndGlobalSection
	GlobalSection(SolutionProperties) = preSolution
		HideSolutionNode = FALSE
	EndGlobalSection
	GlobalSection(NestedProjects) = preSolution
		{F604AF39-7B7C-4BB2-BE3A-EBD4A96203A6} = {EAC9ECCB-CF1C-468F-9CC3-EDF7CEED8993}
		{D3E7049D-6767-401C-B9E5-827465471E24} = {EAC9ECCB-CF1C-468F-9CC3-EDF7CEED8993}
		{A31AA728-3AFF-4F1E-AB26-A80EF0D4731F} = {EAC9ECCB-CF1C-468F-9CC3-EDF7CEED8993}
		{BE7D1CA1-25A1-4E1E-B110-ECDD89E70A71} = {EAC9ECCB-CF1C-468F-9CC3-EDF7CEED8993}
		{A707D9C8-850F-450D-911C-39144FD30844} = {EAC9ECCB-CF1C-468F-9CC3-EDF7CEED8993}
		{F19B312E-CC6C-41C9-AFB7-32E6565E413F} = {EAC9ECCB-CF1C-468F-9CC3-EDF7CEED8993}
		{F4BD0181-042C-465E-995D-6A872DDE91E5} = {03A1AF82-2522-408D-ACE5-368516F3C761}
		{015C04DE-CA30-4F32-9A3B-FC36A872D02B} = {03A1AF82-2522-408D-ACE5-368516F3C761}
	EndGlobalSection
	GlobalSection(ExtensibilityGlobals) = postSolution
		SolutionGuid = {54A4A95E-F81B-40F9-A529-8E3A0D74B2D8}
	EndGlobalSection
EndGlobal
